// !$*UTF8*$!
{
	archiveVersion = 1;
	classes = {
	};
	objectVersion = 56;
	objects = {

/* Begin PBXBuildFile section */
		20262CDC2BF607B700DF066F /* itemCell.swift in Sources */ = {isa = PBXBuildFile; fileRef = 20262CDA2BF607B700DF066F /* itemCell.swift */; };
		20262CDD2BF607B700DF066F /* itemCell.xib in Resources */ = {isa = PBXBuildFile; fileRef = 20262CDB2BF607B700DF066F /* itemCell.xib */; };
		2080BB712BF000F600D724A5 /* AppDelegate.swift in Sources */ = {isa = PBXBuildFile; fileRef = 2080BB702BF000F600D724A5 /* AppDelegate.swift */; };
		2080BB732BF000F600D724A5 /* SceneDelegate.swift in Sources */ = {isa = PBXBuildFile; fileRef = 2080BB722BF000F600D724A5 /* SceneDelegate.swift */; };
		2080BB752BF000F600D724A5 /* ViewController.swift in Sources */ = {isa = PBXBuildFile; fileRef = 2080BB742BF000F600D724A5 /* ViewController.swift */; };
		2080BB782BF000F600D724A5 /* Main.storyboard in Resources */ = {isa = PBXBuildFile; fileRef = 2080BB762BF000F600D724A5 /* Main.storyboard */; };
		2080BB7B2BF000F600D724A5 /* Insight.xcdatamodeld in Sources */ = {isa = PBXBuildFile; fileRef = 2080BB792BF000F600D724A5 /* Insight.xcdatamodeld */; };
		2080BB7D2BF000F800D724A5 /* Assets.xcassets in Resources */ = {isa = PBXBuildFile; fileRef = 2080BB7C2BF000F800D724A5 /* Assets.xcassets */; };
		2080BB802BF000F800D724A5 /* LaunchScreen.storyboard in Resources */ = {isa = PBXBuildFile; fileRef = 2080BB7E2BF000F800D724A5 /* LaunchScreen.storyboard */; };
		2080BB8B2BF0017500D724A5 /* Utilities.swift in Sources */ = {isa = PBXBuildFile; fileRef = 2080BB8A2BF0017500D724A5 /* Utilities.swift */; };
		20BD349D2BF01E5200E0D9CD /* PhotoPicker.swift in Sources */ = {isa = PBXBuildFile; fileRef = 20BD349C2BF01E5200E0D9CD /* PhotoPicker.swift */; };
		20BD34A02BF020B700E0D9CD /* EventHandling.swift in Sources */ = {isa = PBXBuildFile; fileRef = 20BD349F2BF020B700E0D9CD /* EventHandling.swift */; };
		20DBA2B12BF23FCB002DCF9D /* OverviewController.swift in Sources */ = {isa = PBXBuildFile; fileRef = 20DBA2B02BF23FCB002DCF9D /* OverviewController.swift */; };
		20DD549D2BF03EBC00AA5240 /* EditBoxes.swift in Sources */ = {isa = PBXBuildFile; fileRef = 20DD549C2BF03EBC00AA5240 /* EditBoxes.swift */; };
		20DD549F2BF03F3800AA5240 /* PresentImage.swift in Sources */ = {isa = PBXBuildFile; fileRef = 20DD549E2BF03F3800AA5240 /* PresentImage.swift */; };
		20DD54A12BF03F8700AA5240 /* CropImage.swift in Sources */ = {isa = PBXBuildFile; fileRef = 20DD54A02BF03F8700AA5240 /* CropImage.swift */; };
		20DD54A32BF0404D00AA5240 /* DrawBoxes.swift in Sources */ = {isa = PBXBuildFile; fileRef = 20DD54A22BF0404D00AA5240 /* DrawBoxes.swift */; };
		20DD54A52BF040F500AA5240 /* HandleBoxClick.swift in Sources */ = {isa = PBXBuildFile; fileRef = 20DD54A42BF040F500AA5240 /* HandleBoxClick.swift */; };
		20DD54A72BF0415800AA5240 /* FindTextBoxes.swift in Sources */ = {isa = PBXBuildFile; fileRef = 20DD54A62BF0415800AA5240 /* FindTextBoxes.swift */; };
		20DD54AD2BF0490A00AA5240 /* PreProcessImage.swift in Sources */ = {isa = PBXBuildFile; fileRef = 20DD54AC2BF0490A00AA5240 /* PreProcessImage.swift */; };
		20EEF9852BF0E9B200CF3295 /* Topic+CoreDataClass.swift in Sources */ = {isa = PBXBuildFile; fileRef = 20EEF9812BF0E9B200CF3295 /* Topic+CoreDataClass.swift */; };
		20EEF9862BF0E9B200CF3295 /* Topic+CoreDataProperties.swift in Sources */ = {isa = PBXBuildFile; fileRef = 20EEF9822BF0E9B200CF3295 /* Topic+CoreDataProperties.swift */; };
		20EEF9872BF0E9B200CF3295 /* ImageEntity+CoreDataClass.swift in Sources */ = {isa = PBXBuildFile; fileRef = 20EEF9832BF0E9B200CF3295 /* ImageEntity+CoreDataClass.swift */; };
		20EEF9882BF0E9B200CF3295 /* ImageEntity+CoreDataProperties.swift in Sources */ = {isa = PBXBuildFile; fileRef = 20EEF9842BF0E9B200CF3295 /* ImageEntity+CoreDataProperties.swift */; };
		20EEF98A2BF0F13300CF3295 /* StartViewController.swift in Sources */ = {isa = PBXBuildFile; fileRef = 20EEF9892BF0F13300CF3295 /* StartViewController.swift */; };
		20EEF98D2BF0F16900CF3295 /* TopicModel.swift in Sources */ = {isa = PBXBuildFile; fileRef = 20EEF98C2BF0F16900CF3295 /* TopicModel.swift */; };
		D713D9A6BB45A29865887C42 /* Pods_Insight.framework in Frameworks */ = {isa = PBXBuildFile; fileRef = 6C9D71B6586EDBE08474C00F /* Pods_Insight.framework */; };
/* End PBXBuildFile section */

/* Begin PBXFileReference section */
		20262CDA2BF607B700DF066F /* itemCell.swift */ = {isa = PBXFileReference; lastKnownFileType = sourcecode.swift; path = itemCell.swift; sourceTree = "<group>"; };
		20262CDB2BF607B700DF066F /* itemCell.xib */ = {isa = PBXFileReference; lastKnownFileType = file.xib; path = itemCell.xib; sourceTree = "<group>"; };
		2080BB6D2BF000F600D724A5 /* Insight.app */ = {isa = PBXFileReference; explicitFileType = wrapper.application; includeInIndex = 0; path = Insight.app; sourceTree = BUILT_PRODUCTS_DIR; };
		2080BB702BF000F600D724A5 /* AppDelegate.swift */ = {isa = PBXFileReference; lastKnownFileType = sourcecode.swift; path = AppDelegate.swift; sourceTree = "<group>"; };
		2080BB722BF000F600D724A5 /* SceneDelegate.swift */ = {isa = PBXFileReference; lastKnownFileType = sourcecode.swift; path = SceneDelegate.swift; sourceTree = "<group>"; };
		2080BB742BF000F600D724A5 /* ViewController.swift */ = {isa = PBXFileReference; lastKnownFileType = sourcecode.swift; path = ViewController.swift; sourceTree = "<group>"; };
		2080BB772BF000F600D724A5 /* Base */ = {isa = PBXFileReference; lastKnownFileType = file.storyboard; name = Base; path = Base.lproj/Main.storyboard; sourceTree = "<group>"; };
		2080BB7A2BF000F600D724A5 /* Insight.xcdatamodel */ = {isa = PBXFileReference; lastKnownFileType = wrapper.xcdatamodel; path = Insight.xcdatamodel; sourceTree = "<group>"; };
		2080BB7C2BF000F800D724A5 /* Assets.xcassets */ = {isa = PBXFileReference; lastKnownFileType = folder.assetcatalog; path = Assets.xcassets; sourceTree = "<group>"; };
		2080BB7F2BF000F800D724A5 /* Base */ = {isa = PBXFileReference; lastKnownFileType = file.storyboard; name = Base; path = Base.lproj/LaunchScreen.storyboard; sourceTree = "<group>"; };
		2080BB812BF000F800D724A5 /* Info.plist */ = {isa = PBXFileReference; lastKnownFileType = text.plist.xml; path = Info.plist; sourceTree = "<group>"; };
		2080BB8A2BF0017500D724A5 /* Utilities.swift */ = {isa = PBXFileReference; lastKnownFileType = sourcecode.swift; path = Utilities.swift; sourceTree = "<group>"; };
		20BD349C2BF01E5200E0D9CD /* PhotoPicker.swift */ = {isa = PBXFileReference; lastKnownFileType = sourcecode.swift; path = PhotoPicker.swift; sourceTree = "<group>"; };
		20BD349F2BF020B700E0D9CD /* EventHandling.swift */ = {isa = PBXFileReference; lastKnownFileType = sourcecode.swift; path = EventHandling.swift; sourceTree = "<group>"; };
		20DBA2B02BF23FCB002DCF9D /* OverviewController.swift */ = {isa = PBXFileReference; lastKnownFileType = sourcecode.swift; path = OverviewController.swift; sourceTree = "<group>"; };
		20DD549C2BF03EBC00AA5240 /* EditBoxes.swift */ = {isa = PBXFileReference; lastKnownFileType = sourcecode.swift; path = EditBoxes.swift; sourceTree = "<group>"; };
		20DD549E2BF03F3800AA5240 /* PresentImage.swift */ = {isa = PBXFileReference; lastKnownFileType = sourcecode.swift; path = PresentImage.swift; sourceTree = "<group>"; };
		20DD54A02BF03F8700AA5240 /* CropImage.swift */ = {isa = PBXFileReference; lastKnownFileType = sourcecode.swift; path = CropImage.swift; sourceTree = "<group>"; };
		20DD54A22BF0404D00AA5240 /* DrawBoxes.swift */ = {isa = PBXFileReference; lastKnownFileType = sourcecode.swift; path = DrawBoxes.swift; sourceTree = "<group>"; };
		20DD54A42BF040F500AA5240 /* HandleBoxClick.swift */ = {isa = PBXFileReference; lastKnownFileType = sourcecode.swift; path = HandleBoxClick.swift; sourceTree = "<group>"; };
		20DD54A62BF0415800AA5240 /* FindTextBoxes.swift */ = {isa = PBXFileReference; lastKnownFileType = sourcecode.swift; path = FindTextBoxes.swift; sourceTree = "<group>"; };
		20DD54AC2BF0490A00AA5240 /* PreProcessImage.swift */ = {isa = PBXFileReference; lastKnownFileType = sourcecode.swift; path = PreProcessImage.swift; sourceTree = "<group>"; };
		20EEF9812BF0E9B200CF3295 /* Topic+CoreDataClass.swift */ = {isa = PBXFileReference; lastKnownFileType = sourcecode.swift; path = "Topic+CoreDataClass.swift"; sourceTree = "<group>"; };
		20EEF9822BF0E9B200CF3295 /* Topic+CoreDataProperties.swift */ = {isa = PBXFileReference; lastKnownFileType = sourcecode.swift; path = "Topic+CoreDataProperties.swift"; sourceTree = "<group>"; };
		20EEF9832BF0E9B200CF3295 /* ImageEntity+CoreDataClass.swift */ = {isa = PBXFileReference; lastKnownFileType = sourcecode.swift; path = "ImageEntity+CoreDataClass.swift"; sourceTree = "<group>"; };
		20EEF9842BF0E9B200CF3295 /* ImageEntity+CoreDataProperties.swift */ = {isa = PBXFileReference; lastKnownFileType = sourcecode.swift; path = "ImageEntity+CoreDataProperties.swift"; sourceTree = "<group>"; };
		20EEF9892BF0F13300CF3295 /* StartViewController.swift */ = {isa = PBXFileReference; lastKnownFileType = sourcecode.swift; path = StartViewController.swift; sourceTree = "<group>"; };
		20EEF98C2BF0F16900CF3295 /* TopicModel.swift */ = {isa = PBXFileReference; lastKnownFileType = sourcecode.swift; path = TopicModel.swift; sourceTree = "<group>"; };
		6C9D71B6586EDBE08474C00F /* Pods_Insight.framework */ = {isa = PBXFileReference; explicitFileType = wrapper.framework; includeInIndex = 0; path = Pods_Insight.framework; sourceTree = BUILT_PRODUCTS_DIR; };
		917F434C81E0A70C4EDCF43D /* Pods-Insight.debug.xcconfig */ = {isa = PBXFileReference; includeInIndex = 1; lastKnownFileType = text.xcconfig; name = "Pods-Insight.debug.xcconfig"; path = "Target Support Files/Pods-Insight/Pods-Insight.debug.xcconfig"; sourceTree = "<group>"; };
		BC44E24BC2D5F53B8D3E1B90 /* Pods-Insight.release.xcconfig */ = {isa = PBXFileReference; includeInIndex = 1; lastKnownFileType = text.xcconfig; name = "Pods-Insight.release.xcconfig"; path = "Target Support Files/Pods-Insight/Pods-Insight.release.xcconfig"; sourceTree = "<group>"; };
/* End PBXFileReference section */

/* Begin PBXFrameworksBuildPhase section */
		2080BB6A2BF000F600D724A5 /* Frameworks */ = {
			isa = PBXFrameworksBuildPhase;
			buildActionMask = 2147483647;
			files = (
				D713D9A6BB45A29865887C42 /* Pods_Insight.framework in Frameworks */,
			);
			runOnlyForDeploymentPostprocessing = 0;
		};
/* End PBXFrameworksBuildPhase section */

/* Begin PBXGroup section */
		02C51E00CC3DE1CC6B2A3549 /* Frameworks */ = {
			isa = PBXGroup;
			children = (
				6C9D71B6586EDBE08474C00F /* Pods_Insight.framework */,
			);
			name = Frameworks;
			sourceTree = "<group>";
		};
		20262CD62BF6074E00DF066F /* Overview */ = {
			isa = PBXGroup;
			children = (
				20262CD72BF6076800DF066F /* Grid */,
			);
			name = Overview;
			sourceTree = "<group>";
		};
		20262CD72BF6076800DF066F /* Grid */ = {
			isa = PBXGroup;
			children = (
				20262CDA2BF607B700DF066F /* itemCell.swift */,
				20262CDB2BF607B700DF066F /* itemCell.xib */,
			);
			path = Grid;
			sourceTree = "<group>";
		};
		205F8F7C2BFCF33E004EB775 /* Classes */ = {
			isa = PBXGroup;
			children = (
				20EEF98B2BF0F15C00CF3295 /* Models */,
				20EEF9812BF0E9B200CF3295 /* Topic+CoreDataClass.swift */,
				20EEF9822BF0E9B200CF3295 /* Topic+CoreDataProperties.swift */,
				20EEF9832BF0E9B200CF3295 /* ImageEntity+CoreDataClass.swift */,
				20EEF9842BF0E9B200CF3295 /* ImageEntity+CoreDataProperties.swift */,
			);
			name = Classes;
			sourceTree = "<group>";
		};
		205F8F7D2BFCF3C0004EB775 /* Delegates */ = {
			isa = PBXGroup;
			children = (
				2080BB702BF000F600D724A5 /* AppDelegate.swift */,
				2080BB722BF000F600D724A5 /* SceneDelegate.swift */,
			);
			path = Delegates;
			sourceTree = "<group>";
		};
		2080BB642BF000F600D724A5 = {
			isa = PBXGroup;
			children = (
				2080BB6F2BF000F600D724A5 /* Insight */,
				2080BB6E2BF000F600D724A5 /* Products */,
				4695BE5F5216BBDF3696ED65 /* Pods */,
				02C51E00CC3DE1CC6B2A3549 /* Frameworks */,
			);
			sourceTree = "<group>";
		};
		2080BB6E2BF000F600D724A5 /* Products */ = {
			isa = PBXGroup;
			children = (
				2080BB6D2BF000F600D724A5 /* Insight.app */,
			);
			name = Products;
			sourceTree = "<group>";
		};
		2080BB6F2BF000F600D724A5 /* Insight */ = {
			isa = PBXGroup;
			children = (
				2080BB742BF000F600D724A5 /* ViewController.swift */,
				20EEF9892BF0F13300CF3295 /* StartViewController.swift */,
				20DBA2B02BF23FCB002DCF9D /* OverviewController.swift */,
				205F8F7D2BFCF3C0004EB775 /* Delegates */,
				20262CD62BF6074E00DF066F /* Overview */,
				20DD54AB2BF048FB00AA5240 /* SavePhoto */,
				20BD349E2BF01F5A00E0D9CD /* AddPhoto */,
				2080BB762BF000F600D724A5 /* Main.storyboard */,
				2080BB792BF000F600D724A5 /* Insight.xcdatamodeld */,
				205F8F7C2BFCF33E004EB775 /* Classes */,
				2080BB7C2BF000F800D724A5 /* Assets.xcassets */,
				2080BB812BF000F800D724A5 /* Info.plist */,
				2080BB7E2BF000F800D724A5 /* LaunchScreen.storyboard */,
			);
			path = Insight;
			sourceTree = "<group>";
		};
		20BD349E2BF01F5A00E0D9CD /* AddPhoto */ = {
			isa = PBXGroup;
			children = (
				2080BB8A2BF0017500D724A5 /* Utilities.swift */,
				20BD349F2BF020B700E0D9CD /* EventHandling.swift */,
				20DD54A92BF0423600AA5240 /* Image */,
				20DD54AA2BF0424E00AA5240 /* Boxes */,
			);
			name = AddPhoto;
			sourceTree = "<group>";
		};
		20DD54A92BF0423600AA5240 /* Image */ = {
			isa = PBXGroup;
			children = (
				20BD349C2BF01E5200E0D9CD /* PhotoPicker.swift */,
				20DD549E2BF03F3800AA5240 /* PresentImage.swift */,
				20DD54A02BF03F8700AA5240 /* CropImage.swift */,
			);
			path = Image;
			sourceTree = "<group>";
		};
		20DD54AA2BF0424E00AA5240 /* Boxes */ = {
			isa = PBXGroup;
			children = (
				20DD54A62BF0415800AA5240 /* FindTextBoxes.swift */,
				20DD54A42BF040F500AA5240 /* HandleBoxClick.swift */,
				20DD54A22BF0404D00AA5240 /* DrawBoxes.swift */,
				20DD549C2BF03EBC00AA5240 /* EditBoxes.swift */,
			);
			name = Boxes;
			path = Image;
			sourceTree = "<group>";
		};
		20DD54AB2BF048FB00AA5240 /* SavePhoto */ = {
			isa = PBXGroup;
			children = (
				20DD54AC2BF0490A00AA5240 /* PreProcessImage.swift */,
			);
			path = SavePhoto;
			sourceTree = "<group>";
		};
		20EEF98B2BF0F15C00CF3295 /* Models */ = {
			isa = PBXGroup;
			children = (
				20EEF98C2BF0F16900CF3295 /* TopicModel.swift */,
			);
			path = Models;
			sourceTree = "<group>";
		};
		4695BE5F5216BBDF3696ED65 /* Pods */ = {
			isa = PBXGroup;
			children = (
				917F434C81E0A70C4EDCF43D /* Pods-Insight.debug.xcconfig */,
				BC44E24BC2D5F53B8D3E1B90 /* Pods-Insight.release.xcconfig */,
			);
			path = Pods;
			sourceTree = "<group>";
		};
/* End PBXGroup section */

/* Begin PBXNativeTarget section */
		2080BB6C2BF000F600D724A5 /* Insight */ = {
			isa = PBXNativeTarget;
			buildConfigurationList = 2080BB842BF000F800D724A5 /* Build configuration list for PBXNativeTarget "Insight" */;
			buildPhases = (
				DA528327FB4E830D63B81F14 /* [CP] Check Pods Manifest.lock */,
				2080BB692BF000F600D724A5 /* Sources */,
				2080BB6A2BF000F600D724A5 /* Frameworks */,
				2080BB6B2BF000F600D724A5 /* Resources */,
				21F3790C2CE28894AEB566F0 /* [CP] Embed Pods Frameworks */,
			);
			buildRules = (
			);
			dependencies = (
			);
			name = Insight;
			packageProductDependencies = (
			);
			productName = Insight;
			productReference = 2080BB6D2BF000F600D724A5 /* Insight.app */;
			productType = "com.apple.product-type.application";
		};
/* End PBXNativeTarget section */

/* Begin PBXProject section */
		2080BB652BF000F600D724A5 /* Project object */ = {
			isa = PBXProject;
			attributes = {
				BuildIndependentTargetsInParallel = 1;
				LastSwiftUpdateCheck = 1520;
				LastUpgradeCheck = 1520;
				TargetAttributes = {
					2080BB6C2BF000F600D724A5 = {
						CreatedOnToolsVersion = 15.2;
					};
				};
			};
			buildConfigurationList = 2080BB682BF000F600D724A5 /* Build configuration list for PBXProject "Insight" */;
			compatibilityVersion = "Xcode 14.0";
			developmentRegion = en;
			hasScannedForEncodings = 0;
			knownRegions = (
				en,
				Base,
			);
			mainGroup = 2080BB642BF000F600D724A5;
			packageReferences = (
			);
			productRefGroup = 2080BB6E2BF000F600D724A5 /* Products */;
			projectDirPath = "";
			projectRoot = "";
			targets = (
				2080BB6C2BF000F600D724A5 /* Insight */,
			);
		};
/* End PBXProject section */

/* Begin PBXResourcesBuildPhase section */
		2080BB6B2BF000F600D724A5 /* Resources */ = {
			isa = PBXResourcesBuildPhase;
			buildActionMask = 2147483647;
			files = (
				20262CDD2BF607B700DF066F /* itemCell.xib in Resources */,
				2080BB802BF000F800D724A5 /* LaunchScreen.storyboard in Resources */,
				2080BB7D2BF000F800D724A5 /* Assets.xcassets in Resources */,
				2080BB782BF000F600D724A5 /* Main.storyboard in Resources */,
			);
			runOnlyForDeploymentPostprocessing = 0;
		};
/* End PBXResourcesBuildPhase section */

/* Begin PBXShellScriptBuildPhase section */
		21F3790C2CE28894AEB566F0 /* [CP] Embed Pods Frameworks */ = {
			isa = PBXShellScriptBuildPhase;
			buildActionMask = 2147483647;
			files = (
			);
			inputFileListPaths = (
				"${PODS_ROOT}/Target Support Files/Pods-Insight/Pods-Insight-frameworks-${CONFIGURATION}-input-files.xcfilelist",
			);
			name = "[CP] Embed Pods Frameworks";
			outputFileListPaths = (
				"${PODS_ROOT}/Target Support Files/Pods-Insight/Pods-Insight-frameworks-${CONFIGURATION}-output-files.xcfilelist",
			);
			runOnlyForDeploymentPostprocessing = 0;
			shellPath = /bin/sh;
			shellScript = "\"${PODS_ROOT}/Target Support Files/Pods-Insight/Pods-Insight-frameworks.sh\"\n";
			showEnvVarsInLog = 0;
		};
		DA528327FB4E830D63B81F14 /* [CP] Check Pods Manifest.lock */ = {
			isa = PBXShellScriptBuildPhase;
			buildActionMask = 2147483647;
			files = (
			);
			inputFileListPaths = (
			);
			inputPaths = (
				"${PODS_PODFILE_DIR_PATH}/Podfile.lock",
				"${PODS_ROOT}/Manifest.lock",
			);
			name = "[CP] Check Pods Manifest.lock";
			outputFileListPaths = (
			);
			outputPaths = (
				"$(DERIVED_FILE_DIR)/Pods-Insight-checkManifestLockResult.txt",
			);
			runOnlyForDeploymentPostprocessing = 0;
			shellPath = /bin/sh;
			shellScript = "diff \"${PODS_PODFILE_DIR_PATH}/Podfile.lock\" \"${PODS_ROOT}/Manifest.lock\" > /dev/null\nif [ $? != 0 ] ; then\n    # print error to STDERR\n    echo \"error: The sandbox is not in sync with the Podfile.lock. Run 'pod install' or update your CocoaPods installation.\" >&2\n    exit 1\nfi\n# This output is used by Xcode 'outputs' to avoid re-running this script phase.\necho \"SUCCESS\" > \"${SCRIPT_OUTPUT_FILE_0}\"\n";
			showEnvVarsInLog = 0;
		};
/* End PBXShellScriptBuildPhase section */

/* Begin PBXSourcesBuildPhase section */
		2080BB692BF000F600D724A5 /* Sources */ = {
			isa = PBXSourcesBuildPhase;
			buildActionMask = 2147483647;
			files = (
				20BD34A02BF020B700E0D9CD /* EventHandling.swift in Sources */,
				20DD54A32BF0404D00AA5240 /* DrawBoxes.swift in Sources */,
				20EEF9882BF0E9B200CF3295 /* ImageEntity+CoreDataProperties.swift in Sources */,
				20DD54A72BF0415800AA5240 /* FindTextBoxes.swift in Sources */,
				20EEF9872BF0E9B200CF3295 /* ImageEntity+CoreDataClass.swift in Sources */,
				20EEF9862BF0E9B200CF3295 /* Topic+CoreDataProperties.swift in Sources */,
				20DD549D2BF03EBC00AA5240 /* EditBoxes.swift in Sources */,
				2080BB752BF000F600D724A5 /* ViewController.swift in Sources */,
				20DD54AD2BF0490A00AA5240 /* PreProcessImage.swift in Sources */,
				20DD54A12BF03F8700AA5240 /* CropImage.swift in Sources */,
				2080BB712BF000F600D724A5 /* AppDelegate.swift in Sources */,
				20DD54A52BF040F500AA5240 /* HandleBoxClick.swift in Sources */,
				20EEF9852BF0E9B200CF3295 /* Topic+CoreDataClass.swift in Sources */,
				20BD349D2BF01E5200E0D9CD /* PhotoPicker.swift in Sources */,
				20EEF98A2BF0F13300CF3295 /* StartViewController.swift in Sources */,
				20EEF98D2BF0F16900CF3295 /* TopicModel.swift in Sources */,
				20262CDC2BF607B700DF066F /* itemCell.swift in Sources */,
				2080BB7B2BF000F600D724A5 /* Insight.xcdatamodeld in Sources */,
				2080BB8B2BF0017500D724A5 /* Utilities.swift in Sources */,
				20DD549F2BF03F3800AA5240 /* PresentImage.swift in Sources */,
				20DBA2B12BF23FCB002DCF9D /* OverviewController.swift in Sources */,
				2080BB732BF000F600D724A5 /* SceneDelegate.swift in Sources */,
			);
			runOnlyForDeploymentPostprocessing = 0;
		};
/* End PBXSourcesBuildPhase section */

/* Begin PBXVariantGroup section */
		2080BB762BF000F600D724A5 /* Main.storyboard */ = {
			isa = PBXVariantGroup;
			children = (
				2080BB772BF000F600D724A5 /* Base */,
			);
			name = Main.storyboard;
			sourceTree = "<group>";
		};
		2080BB7E2BF000F800D724A5 /* LaunchScreen.storyboard */ = {
			isa = PBXVariantGroup;
			children = (
				2080BB7F2BF000F800D724A5 /* Base */,
			);
			name = LaunchScreen.storyboard;
			sourceTree = "<group>";
		};
/* End PBXVariantGroup section */

/* Begin XCBuildConfiguration section */
		2080BB822BF000F800D724A5 /* Debug */ = {
			isa = XCBuildConfiguration;
			buildSettings = {
				ALWAYS_SEARCH_USER_PATHS = NO;
				ASSETCATALOG_COMPILER_GENERATE_SWIFT_ASSET_SYMBOL_EXTENSIONS = YES;
				CLANG_ANALYZER_NONNULL = YES;
				CLANG_ANALYZER_NUMBER_OBJECT_CONVERSION = YES_AGGRESSIVE;
				CLANG_CXX_LANGUAGE_STANDARD = "gnu++20";
				CLANG_ENABLE_MODULES = YES;
				CLANG_ENABLE_OBJC_ARC = YES;
				CLANG_ENABLE_OBJC_WEAK = YES;
				CLANG_WARN_BLOCK_CAPTURE_AUTORELEASING = YES;
				CLANG_WARN_BOOL_CONVERSION = YES;
				CLANG_WARN_COMMA = YES;
				CLANG_WARN_CONSTANT_CONVERSION = YES;
				CLANG_WARN_DEPRECATED_OBJC_IMPLEMENTATIONS = YES;
				CLANG_WARN_DIRECT_OBJC_ISA_USAGE = YES_ERROR;
				CLANG_WARN_DOCUMENTATION_COMMENTS = YES;
				CLANG_WARN_EMPTY_BODY = YES;
				CLANG_WARN_ENUM_CONVERSION = YES;
				CLANG_WARN_INFINITE_RECURSION = YES;
				CLANG_WARN_INT_CONVERSION = YES;
				CLANG_WARN_NON_LITERAL_NULL_CONVERSION = YES;
				CLANG_WARN_OBJC_IMPLICIT_RETAIN_SELF = YES;
				CLANG_WARN_OBJC_LITERAL_CONVERSION = YES;
				CLANG_WARN_OBJC_ROOT_CLASS = YES_ERROR;
				CLANG_WARN_QUOTED_INCLUDE_IN_FRAMEWORK_HEADER = YES;
				CLANG_WARN_RANGE_LOOP_ANALYSIS = YES;
				CLANG_WARN_STRICT_PROTOTYPES = YES;
				CLANG_WARN_SUSPICIOUS_MOVE = YES;
				CLANG_WARN_UNGUARDED_AVAILABILITY = YES_AGGRESSIVE;
				CLANG_WARN_UNREACHABLE_CODE = YES;
				CLANG_WARN__DUPLICATE_METHOD_MATCH = YES;
				COPY_PHASE_STRIP = NO;
				DEBUG_INFORMATION_FORMAT = dwarf;
				ENABLE_STRICT_OBJC_MSGSEND = YES;
				ENABLE_TESTABILITY = YES;
				ENABLE_USER_SCRIPT_SANDBOXING = YES;
				GCC_C_LANGUAGE_STANDARD = gnu17;
				GCC_DYNAMIC_NO_PIC = NO;
				GCC_NO_COMMON_BLOCKS = YES;
				GCC_OPTIMIZATION_LEVEL = 0;
				GCC_PREPROCESSOR_DEFINITIONS = (
					"DEBUG=1",
					"$(inherited)",
				);
				GCC_WARN_64_TO_32_BIT_CONVERSION = YES;
				GCC_WARN_ABOUT_RETURN_TYPE = YES_ERROR;
				GCC_WARN_UNDECLARED_SELECTOR = YES;
				GCC_WARN_UNINITIALIZED_AUTOS = YES_AGGRESSIVE;
				GCC_WARN_UNUSED_FUNCTION = YES;
				GCC_WARN_UNUSED_VARIABLE = YES;
				IPHONEOS_DEPLOYMENT_TARGET = 17.2;
				LOCALIZATION_PREFERS_STRING_CATALOGS = YES;
				MTL_ENABLE_DEBUG_INFO = INCLUDE_SOURCE;
				MTL_FAST_MATH = YES;
				ONLY_ACTIVE_ARCH = YES;
				SDKROOT = iphoneos;
				SWIFT_ACTIVE_COMPILATION_CONDITIONS = "DEBUG $(inherited)";
				SWIFT_OPTIMIZATION_LEVEL = "-Onone";
			};
			name = Debug;
		};
		2080BB832BF000F800D724A5 /* Release */ = {
			isa = XCBuildConfiguration;
			buildSettings = {
				ALWAYS_SEARCH_USER_PATHS = NO;
				ASSETCATALOG_COMPILER_GENERATE_SWIFT_ASSET_SYMBOL_EXTENSIONS = YES;
				CLANG_ANALYZER_NONNULL = YES;
				CLANG_ANALYZER_NUMBER_OBJECT_CONVERSION = YES_AGGRESSIVE;
				CLANG_CXX_LANGUAGE_STANDARD = "gnu++20";
				CLANG_ENABLE_MODULES = YES;
				CLANG_ENABLE_OBJC_ARC = YES;
				CLANG_ENABLE_OBJC_WEAK = YES;
				CLANG_WARN_BLOCK_CAPTURE_AUTORELEASING = YES;
				CLANG_WARN_BOOL_CONVERSION = YES;
				CLANG_WARN_COMMA = YES;
				CLANG_WARN_CONSTANT_CONVERSION = YES;
				CLANG_WARN_DEPRECATED_OBJC_IMPLEMENTATIONS = YES;
				CLANG_WARN_DIRECT_OBJC_ISA_USAGE = YES_ERROR;
				CLANG_WARN_DOCUMENTATION_COMMENTS = YES;
				CLANG_WARN_EMPTY_BODY = YES;
				CLANG_WARN_ENUM_CONVERSION = YES;
				CLANG_WARN_INFINITE_RECURSION = YES;
				CLANG_WARN_INT_CONVERSION = YES;
				CLANG_WARN_NON_LITERAL_NULL_CONVERSION = YES;
				CLANG_WARN_OBJC_IMPLICIT_RETAIN_SELF = YES;
				CLANG_WARN_OBJC_LITERAL_CONVERSION = YES;
				CLANG_WARN_OBJC_ROOT_CLASS = YES_ERROR;
				CLANG_WARN_QUOTED_INCLUDE_IN_FRAMEWORK_HEADER = YES;
				CLANG_WARN_RANGE_LOOP_ANALYSIS = YES;
				CLANG_WARN_STRICT_PROTOTYPES = YES;
				CLANG_WARN_SUSPICIOUS_MOVE = YES;
				CLANG_WARN_UNGUARDED_AVAILABILITY = YES_AGGRESSIVE;
				CLANG_WARN_UNREACHABLE_CODE = YES;
				CLANG_WARN__DUPLICATE_METHOD_MATCH = YES;
				COPY_PHASE_STRIP = NO;
				DEBUG_INFORMATION_FORMAT = "dwarf-with-dsym";
				ENABLE_NS_ASSERTIONS = NO;
				ENABLE_STRICT_OBJC_MSGSEND = YES;
				ENABLE_USER_SCRIPT_SANDBOXING = YES;
				GCC_C_LANGUAGE_STANDARD = gnu17;
				GCC_NO_COMMON_BLOCKS = YES;
				GCC_WARN_64_TO_32_BIT_CONVERSION = YES;
				GCC_WARN_ABOUT_RETURN_TYPE = YES_ERROR;
				GCC_WARN_UNDECLARED_SELECTOR = YES;
				GCC_WARN_UNINITIALIZED_AUTOS = YES_AGGRESSIVE;
				GCC_WARN_UNUSED_FUNCTION = YES;
				GCC_WARN_UNUSED_VARIABLE = YES;
				IPHONEOS_DEPLOYMENT_TARGET = 17.2;
				LOCALIZATION_PREFERS_STRING_CATALOGS = YES;
				MTL_ENABLE_DEBUG_INFO = NO;
				MTL_FAST_MATH = YES;
				SDKROOT = iphoneos;
				SWIFT_COMPILATION_MODE = wholemodule;
				VALIDATE_PRODUCT = YES;
			};
			name = Release;
		};
		2080BB852BF000F800D724A5 /* Debug */ = {
			isa = XCBuildConfiguration;
			baseConfigurationReference = 917F434C81E0A70C4EDCF43D /* Pods-Insight.debug.xcconfig */;
			buildSettings = {
				ASSETCATALOG_COMPILER_APPICON_NAME = AppIcon;
				ASSETCATALOG_COMPILER_GLOBAL_ACCENT_COLOR_NAME = AccentColor;
				CODE_SIGN_STYLE = Automatic;
				CURRENT_PROJECT_VERSION = 1;
				DEVELOPMENT_TEAM = 67AYJ24F97;
				ENABLE_USER_SCRIPT_SANDBOXING = NO;
				GENERATE_INFOPLIST_FILE = YES;
				INFOPLIST_FILE = Insight/Info.plist;
				INFOPLIST_KEY_UIApplicationSupportsIndirectInputEvents = YES;
				INFOPLIST_KEY_UILaunchStoryboardName = LaunchScreen;
				INFOPLIST_KEY_UIMainStoryboardFile = Main;
				INFOPLIST_KEY_UISupportedInterfaceOrientations_iPad = "UIInterfaceOrientationPortrait UIInterfaceOrientationPortraitUpsideDown UIInterfaceOrientationLandscapeLeft UIInterfaceOrientationLandscapeRight";
				INFOPLIST_KEY_UISupportedInterfaceOrientations_iPhone = "UIInterfaceOrientationPortrait UIInterfaceOrientationLandscapeLeft UIInterfaceOrientationLandscapeRight";
				LD_RUNPATH_SEARCH_PATHS = (
					"$(inherited)",
					"@executable_path/Frameworks",
				);
				MARKETING_VERSION = 1.0;
				PRODUCT_BUNDLE_IDENTIFIER = de.tk.Insight;
				PRODUCT_NAME = "$(TARGET_NAME)";
				SWIFT_EMIT_LOC_STRINGS = YES;
				SWIFT_VERSION = 5.0;
				TARGETED_DEVICE_FAMILY = "1,2";
			};
			name = Debug;
		};
		2080BB862BF000F800D724A5 /* Release */ = {
			isa = XCBuildConfiguration;
			baseConfigurationReference = BC44E24BC2D5F53B8D3E1B90 /* Pods-Insight.release.xcconfig */;
			buildSettings = {
				ASSETCATALOG_COMPILER_APPICON_NAME = AppIcon;
				ASSETCATALOG_COMPILER_GLOBAL_ACCENT_COLOR_NAME = AccentColor;
				CODE_SIGN_STYLE = Automatic;
				CURRENT_PROJECT_VERSION = 1;
				DEVELOPMENT_TEAM = 67AYJ24F97;
				ENABLE_USER_SCRIPT_SANDBOXING = NO;
				GENERATE_INFOPLIST_FILE = YES;
				INFOPLIST_FILE = Insight/Info.plist;
				INFOPLIST_KEY_UIApplicationSupportsIndirectInputEvents = YES;
				INFOPLIST_KEY_UILaunchStoryboardName = LaunchScreen;
				INFOPLIST_KEY_UIMainStoryboardFile = Main;
				INFOPLIST_KEY_UISupportedInterfaceOrientations_iPad = "UIInterfaceOrientationPortrait UIInterfaceOrientationPortraitUpsideDown UIInterfaceOrientationLandscapeLeft UIInterfaceOrientationLandscapeRight";
				INFOPLIST_KEY_UISupportedInterfaceOrientations_iPhone = "UIInterfaceOrientationPortrait UIInterfaceOrientationLandscapeLeft UIInterfaceOrientationLandscapeRight";
				LD_RUNPATH_SEARCH_PATHS = (
					"$(inherited)",
					"@executable_path/Frameworks",
				);
				MARKETING_VERSION = 1.0;
				PRODUCT_BUNDLE_IDENTIFIER = de.tk.Insight;
				PRODUCT_NAME = "$(TARGET_NAME)";
				SWIFT_EMIT_LOC_STRINGS = YES;
				SWIFT_VERSION = 5.0;
				TARGETED_DEVICE_FAMILY = "1,2";
			};
			name = Release;
		};
/* End XCBuildConfiguration section */

/* Begin XCConfigurationList section */
		2080BB682BF000F600D724A5 /* Build configuration list for PBXProject "Insight" */ = {
			isa = XCConfigurationList;
			buildConfigurations = (
				2080BB822BF000F800D724A5 /* Debug */,
				2080BB832BF000F800D724A5 /* Release */,
			);
			defaultConfigurationIsVisible = 0;
			defaultConfigurationName = Release;
		};
		2080BB842BF000F800D724A5 /* Build configuration list for PBXNativeTarget "Insight" */ = {
			isa = XCConfigurationList;
			buildConfigurations = (
				2080BB852BF000F800D724A5 /* Debug */,
				2080BB862BF000F800D724A5 /* Release */,
			);
			defaultConfigurationIsVisible = 0;
			defaultConfigurationName = Release;
		};
/* End XCConfigurationList section */

/* Begin XCVersionGroup section */
		2080BB792BF000F600D724A5 /* Insight.xcdatamodeld */ = {
			isa = XCVersionGroup;
			children = (
				2080BB7A2BF000F600D724A5 /* Insight.xcdatamodel */,
			);
			currentVersion = 2080BB7A2BF000F600D724A5 /* Insight.xcdatamodel */;
			path = Insight.xcdatamodeld;
			sourceTree = "<group>";
			versionGroupType = wrapper.xcdatamodel;
		};
/* End XCVersionGroup section */
	};
	rootObject = 2080BB652BF000F600D724A5 /* Project object */;
}
